// !$*UTF8*$!
{
	archiveVersion = 1;
	classes = {
	};
	objectVersion = 77;
	objects = {

/* Begin PBXBuildFile section */
		AB496BD32DDEBACD00B87CA6 /* FirebaseResponse.swift in Sources */ = {isa = PBXBuildFile; fileRef = AB496BD02DDEBACD00B87CA6 /* FirebaseResponse.swift */; };
		AB496BE82DDEF2B100B87CA6 /* PhotoDetailView.swift in Sources */ = {isa = PBXBuildFile; fileRef = AB496BE72DDEF2AA00B87CA6 /* PhotoDetailView.swift */; };
		AB496BEE2DDF083600B87CA6 /* PricingManager.swift in Sources */ = {isa = PBXBuildFile; fileRef = AB496BED2DDF083400B87CA6 /* PricingManager.swift */; };
		AB496BF02DDF085800B87CA6 /* PricingView.swift in Sources */ = {isa = PBXBuildFile; fileRef = AB496BEF2DDF085600B87CA6 /* PricingView.swift */; };
		AB496C002DDF0A0300B87CA6 /* StoreKit_framework.framework in Frameworks */ = {isa = PBXBuildFile; fileRef = AB496BF62DDF0A0300B87CA6 /* StoreKit_framework.framework */; };
		AB496C0B2DDF0A0300B87CA6 /* StoreKit_framework.framework in Frameworks */ = {isa = PBXBuildFile; fileRef = AB496BF62DDF0A0300B87CA6 /* StoreKit_framework.framework */; };
		AB496C0C2DDF0A0300B87CA6 /* StoreKit_framework.framework in Embed Frameworks */ = {isa = PBXBuildFile; fileRef = AB496BF62DDF0A0300B87CA6 /* StoreKit_framework.framework */; settings = {ATTRIBUTES = (CodeSignOnCopy, RemoveHeadersOnCopy, ); }; };
		AB496C172DDF0C9A00B87CA6 /* StoreKit.framework in Frameworks */ = {isa = PBXBuildFile; fileRef = AB496C162DDF0C9A00B87CA6 /* StoreKit.framework */; };
		AB558DAF2E3D3E0500DE21D5 /* FirebaseAnalytics in Frameworks */ = {isa = PBXBuildFile; productRef = AB558DAE2E3D3E0500DE21D5 /* FirebaseAnalytics */; };
		AB558DB12E3D3E0500DE21D5 /* FirebaseAnalyticsCore in Frameworks */ = {isa = PBXBuildFile; productRef = AB558DB02E3D3E0500DE21D5 /* FirebaseAnalyticsCore */; };
		AB558DB32E3D3E0500DE21D5 /* FirebaseAuth in Frameworks */ = {isa = PBXBuildFile; productRef = AB558DB22E3D3E0500DE21D5 /* FirebaseAuth */; };
		AB558DB52E3D3E0500DE21D5 /* FirebaseCore in Frameworks */ = {isa = PBXBuildFile; productRef = AB558DB42E3D3E0500DE21D5 /* FirebaseCore */; };
		AB558DB72E3D3E0500DE21D5 /* FirebaseCrashlytics in Frameworks */ = {isa = PBXBuildFile; productRef = AB558DB62E3D3E0500DE21D5 /* FirebaseCrashlytics */; };
		AB558DB92E3D3E0500DE21D5 /* FirebaseFirestore in Frameworks */ = {isa = PBXBuildFile; productRef = AB558DB82E3D3E0500DE21D5 /* FirebaseFirestore */; };
		AB558DBB2E3D3E0500DE21D5 /* FirebaseFunctions in Frameworks */ = {isa = PBXBuildFile; productRef = AB558DBA2E3D3E0500DE21D5 /* FirebaseFunctions */; };
		AB558DBD2E3D3E0500DE21D5 /* FirebasePerformance in Frameworks */ = {isa = PBXBuildFile; productRef = AB558DBC2E3D3E0500DE21D5 /* FirebasePerformance */; };
		AB65586A2DB36D5900113CFF /* PhotoProcessor.swift in Sources */ = {isa = PBXBuildFile; fileRef = AB8032C82DB33DC10005A7DC /* PhotoProcessor.swift */; };
		AB65586C2DB388DC00113CFF /* AuthenticationService.swift in Sources */ = {isa = PBXBuildFile; fileRef = AB65586B2DB388D100113CFF /* AuthenticationService.swift */; };
		AB65586D2DB388DC00113CFF /* AuthenticationService.swift in Sources */ = {isa = PBXBuildFile; fileRef = AB65586B2DB388D100113CFF /* AuthenticationService.swift */; };
		AB65586E2DB388DC00113CFF /* AuthenticationService.swift in Sources */ = {isa = PBXBuildFile; fileRef = AB65586B2DB388D100113CFF /* AuthenticationService.swift */; };
		AB6806422E3DA3A6007BA588 /* MainTabView.swift in Sources */ = {isa = PBXBuildFile; fileRef = AB6806412E3DA3A6007BA588 /* MainTabView.swift */; };
		AB6806442E3DA742007BA588 /* AccountView.swift in Sources */ = {isa = PBXBuildFile; fileRef = AB6806432E3DA742007BA588 /* AccountView.swift */; };
		AB68064C2E3DA776007BA588 /* PhotosPicker.swift in Sources */ = {isa = PBXBuildFile; fileRef = AB6806492E3DA776007BA588 /* PhotosPicker.swift */; };
		AB68064D2E3DA776007BA588 /* ProcessingOverlay.swift in Sources */ = {isa = PBXBuildFile; fileRef = AB68064A2E3DA776007BA588 /* ProcessingOverlay.swift */; };
		AB68064E2E3DA776007BA588 /* CriteriaButton.swift in Sources */ = {isa = PBXBuildFile; fileRef = AB6806462E3DA776007BA588 /* CriteriaButton.swift */; };
		AB68064F2E3DA776007BA588 /* PhotoDetailView.swift in Sources */ = {isa = PBXBuildFile; fileRef = AB6806472E3DA776007BA588 /* PhotoDetailView.swift */; };
		AB6806502E3DA776007BA588 /* PhotoResultCard.swift in Sources */ = {isa = PBXBuildFile; fileRef = AB6806482E3DA776007BA588 /* PhotoResultCard.swift */; };
		AB6806522E3DA77F007BA588 /* GalleryView.swift in Sources */ = {isa = PBXBuildFile; fileRef = AB6806512E3DA77F007BA588 /* GalleryView.swift */; };
		AB6806542E3DA792007BA588 /* PrivacyPolicyView.swift in Sources */ = {isa = PBXBuildFile; fileRef = AB6806532E3DA792007BA588 /* PrivacyPolicyView.swift */; };
		AB6806562E3DA79E007BA588 /* ProfileDetailView.swift in Sources */ = {isa = PBXBuildFile; fileRef = AB6806552E3DA79E007BA588 /* ProfileDetailView.swift */; };
		AB6806752E3DAA5B007BA588 /* GalleryManager.swift in Sources */ = {isa = PBXBuildFile; fileRef = AB6806742E3DAA5B007BA588 /* GalleryManager.swift */; };
		AB6806772E3F1533007BA588 /* GalleryProfile.swift in Sources */ = {isa = PBXBuildFile; fileRef = AB6806762E3F1533007BA588 /* GalleryProfile.swift */; };
		AB6806792E3F1AEC007BA588 /* GalleryPhotoCard.swift in Sources */ = {isa = PBXBuildFile; fileRef = AB6806782E3F1AEC007BA588 /* GalleryPhotoCard.swift */; };
		AB68067B2E3F2117007BA588 /* GalleryEnums.swift in Sources */ = {isa = PBXBuildFile; fileRef = AB68067A2E3F2117007BA588 /* GalleryEnums.swift */; };
		AB6C60C02E37E484005FAD8A /* PromoCodeManager.swift in Sources */ = {isa = PBXBuildFile; fileRef = AB6C60BF2E37E484005FAD8A /* PromoCodeManager.swift */; };
		AB6C60C22E37E497005FAD8A /* PromoCodeView.swift in Sources */ = {isa = PBXBuildFile; fileRef = AB6C60C12E37E497005FAD8A /* PromoCodeView.swift */; };
		AB80327E2DB18F4A0005A7DC /* ContentView.swift in Sources */ = {isa = PBXBuildFile; fileRef = AB80327D2DB18F4A0005A7DC /* ContentView.swift */; };
		AB8032A72DB191900005A7DC /* AppDelegate.swift in Sources */ = {isa = PBXBuildFile; fileRef = AB8032A62DB191900005A7DC /* AppDelegate.swift */; };
		AB8032AA2DB334460005A7DC /* RankingCriteria.swift in Sources */ = {isa = PBXBuildFile; fileRef = AB8032A82DB3341E0005A7DC /* RankingCriteria.swift */; };
		AB8032AD2DB3346F0005A7DC /* RankedPhoto.swift in Sources */ = {isa = PBXBuildFile; fileRef = AB8032AB2DB334660005A7DC /* RankedPhoto.swift */; };
		AB8032B02DB334890005A7DC /* PhotoTag.swift in Sources */ = {isa = PBXBuildFile; fileRef = AB8032AE2DB334850005A7DC /* PhotoTag.swift */; };
		AB8032C02DB33D0B0005A7DC /* PhotosPicker.swift in Sources */ = {isa = PBXBuildFile; fileRef = AB8032BF2DB33D020005A7DC /* PhotosPicker.swift */; };
		AB8032C22DB33D200005A7DC /* CriteriaButton.swift in Sources */ = {isa = PBXBuildFile; fileRef = AB8032C12DB33D170005A7DC /* CriteriaButton.swift */; };
		AB8032C42DB33D330005A7DC /* PhotoResultCard.swift in Sources */ = {isa = PBXBuildFile; fileRef = AB8032C32DB33D2E0005A7DC /* PhotoResultCard.swift */; };
		AB8032C62DB33D470005A7DC /* ProcessingOverlay.swift in Sources */ = {isa = PBXBuildFile; fileRef = AB8032C52DB33D370005A7DC /* ProcessingOverlay.swift */; };
		ABFDC0CF2E3306FD0074935A /* PhotoRankerApp.swift in Sources */ = {isa = PBXBuildFile; fileRef = ABFDC0CE2E3306FD0074935A /* PhotoRankerApp.swift */; };
/* End PBXBuildFile section */

/* Begin PBXContainerItemProxy section */
		AB496C012DDF0A0300B87CA6 /* PBXContainerItemProxy */ = {
			isa = PBXContainerItemProxy;
			containerPortal = AB8032702DB18F4A0005A7DC /* Project object */;
			proxyType = 1;
			remoteGlobalIDString = AB496BF52DDF0A0300B87CA6;
			remoteInfo = StoreKit.framework;
		};
		AB496C032DDF0A0300B87CA6 /* PBXContainerItemProxy */ = {
			isa = PBXContainerItemProxy;
			containerPortal = AB8032702DB18F4A0005A7DC /* Project object */;
			proxyType = 1;
			remoteGlobalIDString = AB8032772DB18F4A0005A7DC;
			remoteInfo = PhotoRater;
		};
		AB496C092DDF0A0300B87CA6 /* PBXContainerItemProxy */ = {
			isa = PBXContainerItemProxy;
			containerPortal = AB8032702DB18F4A0005A7DC /* Project object */;
			proxyType = 1;
			remoteGlobalIDString = AB496BF52DDF0A0300B87CA6;
			remoteInfo = StoreKit.framework;
		};
		AB8032892DB18F4C0005A7DC /* PBXContainerItemProxy */ = {
			isa = PBXContainerItemProxy;
			containerPortal = AB8032702DB18F4A0005A7DC /* Project object */;
			proxyType = 1;
			remoteGlobalIDString = AB8032772DB18F4A0005A7DC;
			remoteInfo = PhotoRater;
		};
		AB8032932DB18F4C0005A7DC /* PBXContainerItemProxy */ = {
			isa = PBXContainerItemProxy;
			containerPortal = AB8032702DB18F4A0005A7DC /* Project object */;
			proxyType = 1;
			remoteGlobalIDString = AB8032772DB18F4A0005A7DC;
			remoteInfo = PhotoRater;
		};
/* End PBXContainerItemProxy section */

/* Begin PBXCopyFilesBuildPhase section */
		AB496C112DDF0A0300B87CA6 /* Embed Frameworks */ = {
			isa = PBXCopyFilesBuildPhase;
			buildActionMask = 2147483647;
			dstPath = "";
			dstSubfolderSpec = 10;
			files = (
				AB496C0C2DDF0A0300B87CA6 /* StoreKit_framework.framework in Embed Frameworks */,
			);
			name = "Embed Frameworks";
			runOnlyForDeploymentPostprocessing = 0;
		};
/* End PBXCopyFilesBuildPhase section */

/* Begin PBXFileReference section */
		AB496BD02DDEBACD00B87CA6 /* FirebaseResponse.swift */ = {isa = PBXFileReference; lastKnownFileType = sourcecode.swift; path = FirebaseResponse.swift; sourceTree = "<group>"; };
		AB496BE72DDEF2AA00B87CA6 /* PhotoDetailView.swift */ = {isa = PBXFileReference; lastKnownFileType = sourcecode.swift; path = PhotoDetailView.swift; sourceTree = "<group>"; };
		AB496BED2DDF083400B87CA6 /* PricingManager.swift */ = {isa = PBXFileReference; lastKnownFileType = sourcecode.swift; path = PricingManager.swift; sourceTree = "<group>"; };
		AB496BEF2DDF085600B87CA6 /* PricingView.swift */ = {isa = PBXFileReference; lastKnownFileType = sourcecode.swift; path = PricingView.swift; sourceTree = "<group>"; };
		AB496BF62DDF0A0300B87CA6 /* StoreKit_framework.framework */ = {isa = PBXFileReference; explicitFileType = wrapper.framework; includeInIndex = 0; path = StoreKit_framework.framework; sourceTree = BUILT_PRODUCTS_DIR; };
		AB496BFF2DDF0A0300B87CA6 /* StoreKit.frameworkTests.xctest */ = {isa = PBXFileReference; explicitFileType = wrapper.cfbundle; includeInIndex = 0; path = StoreKit.frameworkTests.xctest; sourceTree = BUILT_PRODUCTS_DIR; };
		AB496C162DDF0C9A00B87CA6 /* StoreKit.framework */ = {isa = PBXFileReference; lastKnownFileType = wrapper.framework; name = StoreKit.framework; path = System/Library/Frameworks/StoreKit.framework; sourceTree = SDKROOT; };
		AB65586B2DB388D100113CFF /* AuthenticationService.swift */ = {isa = PBXFileReference; lastKnownFileType = sourcecode.swift; path = AuthenticationService.swift; sourceTree = "<group>"; };
		AB6806412E3DA3A6007BA588 /* MainTabView.swift */ = {isa = PBXFileReference; lastKnownFileType = sourcecode.swift; path = MainTabView.swift; sourceTree = "<group>"; };
		AB6806432E3DA742007BA588 /* AccountView.swift */ = {isa = PBXFileReference; lastKnownFileType = sourcecode.swift; path = AccountView.swift; sourceTree = "<group>"; };
		AB6806462E3DA776007BA588 /* CriteriaButton.swift */ = {isa = PBXFileReference; lastKnownFileType = sourcecode.swift; path = CriteriaButton.swift; sourceTree = "<group>"; };
		AB6806472E3DA776007BA588 /* PhotoDetailView.swift */ = {isa = PBXFileReference; lastKnownFileType = sourcecode.swift; path = PhotoDetailView.swift; sourceTree = "<group>"; };
		AB6806482E3DA776007BA588 /* PhotoResultCard.swift */ = {isa = PBXFileReference; lastKnownFileType = sourcecode.swift; path = PhotoResultCard.swift; sourceTree = "<group>"; };
		AB6806492E3DA776007BA588 /* PhotosPicker.swift */ = {isa = PBXFileReference; lastKnownFileType = sourcecode.swift; path = PhotosPicker.swift; sourceTree = "<group>"; };
		AB68064A2E3DA776007BA588 /* ProcessingOverlay.swift */ = {isa = PBXFileReference; lastKnownFileType = sourcecode.swift; path = ProcessingOverlay.swift; sourceTree = "<group>"; };
		AB6806512E3DA77F007BA588 /* GalleryView.swift */ = {isa = PBXFileReference; lastKnownFileType = sourcecode.swift; path = GalleryView.swift; sourceTree = "<group>"; };
		AB6806532E3DA792007BA588 /* PrivacyPolicyView.swift */ = {isa = PBXFileReference; lastKnownFileType = sourcecode.swift; path = PrivacyPolicyView.swift; sourceTree = "<group>"; };
		AB6806552E3DA79E007BA588 /* ProfileDetailView.swift */ = {isa = PBXFileReference; lastKnownFileType = sourcecode.swift; path = ProfileDetailView.swift; sourceTree = "<group>"; };
		AB6806742E3DAA5B007BA588 /* GalleryManager.swift */ = {isa = PBXFileReference; lastKnownFileType = sourcecode.swift; path = GalleryManager.swift; sourceTree = "<group>"; };
		AB6806762E3F1533007BA588 /* GalleryProfile.swift */ = {isa = PBXFileReference; lastKnownFileType = sourcecode.swift; path = GalleryProfile.swift; sourceTree = "<group>"; };
		AB6806782E3F1AEC007BA588 /* GalleryPhotoCard.swift */ = {isa = PBXFileReference; lastKnownFileType = sourcecode.swift; path = GalleryPhotoCard.swift; sourceTree = "<group>"; };
		AB68067A2E3F2117007BA588 /* GalleryEnums.swift */ = {isa = PBXFileReference; lastKnownFileType = sourcecode.swift; path = GalleryEnums.swift; sourceTree = "<group>"; };
		AB6C60BF2E37E484005FAD8A /* PromoCodeManager.swift */ = {isa = PBXFileReference; lastKnownFileType = sourcecode.swift; path = PromoCodeManager.swift; sourceTree = "<group>"; };
		AB6C60C12E37E497005FAD8A /* PromoCodeView.swift */ = {isa = PBXFileReference; lastKnownFileType = sourcecode.swift; path = PromoCodeView.swift; sourceTree = "<group>"; };
		AB8032782DB18F4A0005A7DC /* PhotoRater.app */ = {isa = PBXFileReference; explicitFileType = wrapper.application; includeInIndex = 0; path = PhotoRater.app; sourceTree = BUILT_PRODUCTS_DIR; };
		AB80327D2DB18F4A0005A7DC /* ContentView.swift */ = {isa = PBXFileReference; lastKnownFileType = sourcecode.swift; path = ContentView.swift; sourceTree = "<group>"; };
		AB8032882DB18F4C0005A7DC /* PhotoRaterTests.xctest */ = {isa = PBXFileReference; explicitFileType = wrapper.cfbundle; includeInIndex = 0; path = PhotoRaterTests.xctest; sourceTree = BUILT_PRODUCTS_DIR; };
		AB8032922DB18F4C0005A7DC /* PhotoRaterUITests.xctest */ = {isa = PBXFileReference; explicitFileType = wrapper.cfbundle; includeInIndex = 0; path = PhotoRaterUITests.xctest; sourceTree = BUILT_PRODUCTS_DIR; };
		AB8032A62DB191900005A7DC /* AppDelegate.swift */ = {isa = PBXFileReference; lastKnownFileType = sourcecode.swift; path = AppDelegate.swift; sourceTree = "<group>"; };
		AB8032A82DB3341E0005A7DC /* RankingCriteria.swift */ = {isa = PBXFileReference; lastKnownFileType = sourcecode.swift; path = RankingCriteria.swift; sourceTree = "<group>"; };
		AB8032AB2DB334660005A7DC /* RankedPhoto.swift */ = {isa = PBXFileReference; lastKnownFileType = sourcecode.swift; path = RankedPhoto.swift; sourceTree = "<group>"; };
		AB8032AE2DB334850005A7DC /* PhotoTag.swift */ = {isa = PBXFileReference; lastKnownFileType = sourcecode.swift; path = PhotoTag.swift; sourceTree = "<group>"; };
		AB8032BF2DB33D020005A7DC /* PhotosPicker.swift */ = {isa = PBXFileReference; lastKnownFileType = sourcecode.swift; path = PhotosPicker.swift; sourceTree = "<group>"; };
		AB8032C12DB33D170005A7DC /* CriteriaButton.swift */ = {isa = PBXFileReference; lastKnownFileType = sourcecode.swift; path = CriteriaButton.swift; sourceTree = "<group>"; };
		AB8032C32DB33D2E0005A7DC /* PhotoResultCard.swift */ = {isa = PBXFileReference; lastKnownFileType = sourcecode.swift; path = PhotoResultCard.swift; sourceTree = "<group>"; };
		AB8032C52DB33D370005A7DC /* ProcessingOverlay.swift */ = {isa = PBXFileReference; lastKnownFileType = sourcecode.swift; path = ProcessingOverlay.swift; sourceTree = "<group>"; };
		AB8032C82DB33DC10005A7DC /* PhotoProcessor.swift */ = {isa = PBXFileReference; lastKnownFileType = sourcecode.swift; path = PhotoProcessor.swift; sourceTree = "<group>"; };
		AB8032CA2DB33DDD0005A7DC /* Assets.xcassets */ = {isa = PBXFileReference; lastKnownFileType = text; path = Assets.xcassets; sourceTree = "<group>"; };
		ABFDC0CE2E3306FD0074935A /* PhotoRankerApp.swift */ = {isa = PBXFileReference; lastKnownFileType = sourcecode.swift; path = PhotoRankerApp.swift; sourceTree = "<group>"; };
/* End PBXFileReference section */

/* Begin PBXFileSystemSynchronizedBuildFileExceptionSet section */
		AB8032D22DB342A40005A7DC /* Exceptions for "PhotoRater" folder in "PhotoRater" target */ = {
			isa = PBXFileSystemSynchronizedBuildFileExceptionSet;
			membershipExceptions = (
				Info.plist,
			);
			target = AB8032772DB18F4A0005A7DC /* PhotoRater */;
		};
/* End PBXFileSystemSynchronizedBuildFileExceptionSet section */

/* Begin PBXFileSystemSynchronizedRootGroup section */
		AB80327A2DB18F4A0005A7DC /* PhotoRater */ = {
			isa = PBXFileSystemSynchronizedRootGroup;
			exceptions = (
				AB8032D22DB342A40005A7DC /* Exceptions for "PhotoRater" folder in "PhotoRater" target */,
			);
			path = PhotoRater;
			sourceTree = "<group>";
		};
		AB80328B2DB18F4C0005A7DC /* PhotoRaterTests */ = {
			isa = PBXFileSystemSynchronizedRootGroup;
			path = PhotoRaterTests;
			sourceTree = "<group>";
		};
		AB8032952DB18F4C0005A7DC /* PhotoRaterUITests */ = {
			isa = PBXFileSystemSynchronizedRootGroup;
			path = PhotoRaterUITests;
			sourceTree = "<group>";
		};
/* End PBXFileSystemSynchronizedRootGroup section */

/* Begin PBXFrameworksBuildPhase section */
		AB496BF32DDF0A0300B87CA6 /* Frameworks */ = {
			isa = PBXFrameworksBuildPhase;
			buildActionMask = 2147483647;
			files = (
			);
			runOnlyForDeploymentPostprocessing = 0;
		};
		AB496BFC2DDF0A0300B87CA6 /* Frameworks */ = {
			isa = PBXFrameworksBuildPhase;
			buildActionMask = 2147483647;
			files = (
				AB496C002DDF0A0300B87CA6 /* StoreKit_framework.framework in Frameworks */,
			);
			runOnlyForDeploymentPostprocessing = 0;
		};
		AB8032752DB18F4A0005A7DC /* Frameworks */ = {
			isa = PBXFrameworksBuildPhase;
			buildActionMask = 2147483647;
			files = (
				AB496C0B2DDF0A0300B87CA6 /* StoreKit_framework.framework in Frameworks */,
				AB558DB32E3D3E0500DE21D5 /* FirebaseAuth in Frameworks */,
				AB558DBD2E3D3E0500DE21D5 /* FirebasePerformance in Frameworks */,
				AB496C172DDF0C9A00B87CA6 /* StoreKit.framework in Frameworks */,
				AB558DBB2E3D3E0500DE21D5 /* FirebaseFunctions in Frameworks */,
				AB558DB72E3D3E0500DE21D5 /* FirebaseCrashlytics in Frameworks */,
				AB558DAF2E3D3E0500DE21D5 /* FirebaseAnalytics in Frameworks */,
				AB558DB92E3D3E0500DE21D5 /* FirebaseFirestore in Frameworks */,
				AB558DB52E3D3E0500DE21D5 /* FirebaseCore in Frameworks */,
				AB558DB12E3D3E0500DE21D5 /* FirebaseAnalyticsCore in Frameworks */,
			);
			runOnlyForDeploymentPostprocessing = 0;
		};
		AB8032852DB18F4C0005A7DC /* Frameworks */ = {
			isa = PBXFrameworksBuildPhase;
			buildActionMask = 2147483647;
			files = (
			);
			runOnlyForDeploymentPostprocessing = 0;
		};
		AB80328F2DB18F4C0005A7DC /* Frameworks */ = {
			isa = PBXFrameworksBuildPhase;
			buildActionMask = 2147483647;
			files = (
			);
			runOnlyForDeploymentPostprocessing = 0;
		};
/* End PBXFrameworksBuildPhase section */

/* Begin PBXGroup section */
		AB496C152DDF0C9900B87CA6 /* Frameworks */ = {
			isa = PBXGroup;
			children = (
				AB496C162DDF0C9A00B87CA6 /* StoreKit.framework */,
			);
			name = Frameworks;
			sourceTree = "<group>";
		};
		AB68064B2E3DA776007BA588 /* Components */ = {
			isa = PBXGroup;
			children = (
				AB6806462E3DA776007BA588 /* CriteriaButton.swift */,
				AB6806782E3F1AEC007BA588 /* GalleryPhotoCard.swift */,
				AB6806472E3DA776007BA588 /* PhotoDetailView.swift */,
				AB6806482E3DA776007BA588 /* PhotoResultCard.swift */,
				AB6806492E3DA776007BA588 /* PhotosPicker.swift */,
				AB68064A2E3DA776007BA588 /* ProcessingOverlay.swift */,
			);
			path = Components;
			sourceTree = "<group>";
		};
		AB80326F2DB18F4A0005A7DC = {
			isa = PBXGroup;
			children = (
				ABFDC0CE2E3306FD0074935A /* PhotoRankerApp.swift */,
				AB8032BB2DB33C730005A7DC /* App */,
				AB8032BC2DB33C8A0005A7DC /* Models */,
				AB8032BD2DB33CCF0005A7DC /* Views */,
				AB8032C72DB33DB60005A7DC /* Services */,
				AB8032C92DB33DCF0005A7DC /* Resources */,
				AB80327A2DB18F4A0005A7DC /* PhotoRater */,
				AB80328B2DB18F4C0005A7DC /* PhotoRaterTests */,
				AB8032952DB18F4C0005A7DC /* PhotoRaterUITests */,
				AB496C152DDF0C9900B87CA6 /* Frameworks */,
				AB8032792DB18F4A0005A7DC /* Products */,
			);
			sourceTree = "<group>";
		};
		AB8032792DB18F4A0005A7DC /* Products */ = {
			isa = PBXGroup;
			children = (
				AB8032782DB18F4A0005A7DC /* PhotoRater.app */,
				AB8032882DB18F4C0005A7DC /* PhotoRaterTests.xctest */,
				AB8032922DB18F4C0005A7DC /* PhotoRaterUITests.xctest */,
				AB496BF62DDF0A0300B87CA6 /* StoreKit_framework.framework */,
				AB496BFF2DDF0A0300B87CA6 /* StoreKit.frameworkTests.xctest */,
			);
			name = Products;
			sourceTree = "<group>";
		};
		AB8032BB2DB33C730005A7DC /* App */ = {
			isa = PBXGroup;
			children = (
				AB8032A62DB191900005A7DC /* AppDelegate.swift */,
			);
			path = App;
			sourceTree = "<group>";
		};
		AB8032BC2DB33C8A0005A7DC /* Models */ = {
			isa = PBXGroup;
			children = (
				AB68067A2E3F2117007BA588 /* GalleryEnums.swift */,
				AB8032AE2DB334850005A7DC /* PhotoTag.swift */,
				AB6806762E3F1533007BA588 /* GalleryProfile.swift */,
				AB8032AB2DB334660005A7DC /* RankedPhoto.swift */,
				AB8032A82DB3341E0005A7DC /* RankingCriteria.swift */,
				AB496BD02DDEBACD00B87CA6 /* FirebaseResponse.swift */,
			);
			path = Models;
			sourceTree = "<group>";
		};
		AB8032BD2DB33CCF0005A7DC /* Views */ = {
			isa = PBXGroup;
			children = (
				AB6806432E3DA742007BA588 /* AccountView.swift */,
				AB68064B2E3DA776007BA588 /* Components */,
				AB80327D2DB18F4A0005A7DC /* ContentView.swift */,
				AB6806512E3DA77F007BA588 /* GalleryView.swift */,
				AB6806412E3DA3A6007BA588 /* MainTabView.swift */,
				AB496BEF2DDF085600B87CA6 /* PricingView.swift */,
				AB6806532E3DA792007BA588 /* PrivacyPolicyView.swift */,
				AB6806552E3DA79E007BA588 /* ProfileDetailView.swift */,
				AB6C60C12E37E497005FAD8A /* PromoCodeView.swift */,
				AB8032BE2DB33CE70005A7DC /* Components */,
			);
			path = Views;
			sourceTree = "<group>";
		};
		AB8032BE2DB33CE70005A7DC /* Components */ = {
			isa = PBXGroup;
			children = (
				AB496BE72DDEF2AA00B87CA6 /* PhotoDetailView.swift */,
				AB8032BF2DB33D020005A7DC /* PhotosPicker.swift */,
				AB8032C12DB33D170005A7DC /* CriteriaButton.swift */,
				AB8032C32DB33D2E0005A7DC /* PhotoResultCard.swift */,
				AB8032C52DB33D370005A7DC /* ProcessingOverlay.swift */,
			);
			path = Components;
			sourceTree = "<group>";
		};
		AB8032C72DB33DB60005A7DC /* Services */ = {
			isa = PBXGroup;
			children = (
				AB6806742E3DAA5B007BA588 /* GalleryManager.swift */,
				AB496BED2DDF083400B87CA6 /* PricingManager.swift */,
				AB8032C82DB33DC10005A7DC /* PhotoProcessor.swift */,
				AB6C60BF2E37E484005FAD8A /* PromoCodeManager.swift */,
			);
			path = Services;
			sourceTree = "<group>";
		};
		AB8032C92DB33DCF0005A7DC /* Resources */ = {
			isa = PBXGroup;
			children = (
				AB65586B2DB388D100113CFF /* AuthenticationService.swift */,
				AB8032CA2DB33DDD0005A7DC /* Assets.xcassets */,
			);
			path = Resources;
			sourceTree = "<group>";
		};
/* End PBXGroup section */

/* Begin PBXHeadersBuildPhase section */
		AB496BF12DDF0A0300B87CA6 /* Headers */ = {
			isa = PBXHeadersBuildPhase;
			buildActionMask = 2147483647;
			files = (
			);
			runOnlyForDeploymentPostprocessing = 0;
		};
/* End PBXHeadersBuildPhase section */

/* Begin PBXNativeTarget section */
		AB496BF52DDF0A0300B87CA6 /* StoreKit.framework */ = {
			isa = PBXNativeTarget;
			buildConfigurationList = AB496C0D2DDF0A0300B87CA6 /* Build configuration list for PBXNativeTarget "StoreKit.framework" */;
			buildPhases = (
				AB496BF12DDF0A0300B87CA6 /* Headers */,
				AB496BF22DDF0A0300B87CA6 /* Sources */,
				AB496BF32DDF0A0300B87CA6 /* Frameworks */,
				AB496BF42DDF0A0300B87CA6 /* Resources */,
			);
			buildRules = (
			);
			dependencies = (
			);
			name = StoreKit.framework;
			packageProductDependencies = (
			);
			productName = StoreKit.framework;
			productReference = AB496BF62DDF0A0300B87CA6 /* StoreKit_framework.framework */;
			productType = "com.apple.product-type.framework";
		};
		AB496BFE2DDF0A0300B87CA6 /* StoreKit.frameworkTests */ = {
			isa = PBXNativeTarget;
			buildConfigurationList = AB496C122DDF0A0300B87CA6 /* Build configuration list for PBXNativeTarget "StoreKit.frameworkTests" */;
			buildPhases = (
				AB496BFB2DDF0A0300B87CA6 /* Sources */,
				AB496BFC2DDF0A0300B87CA6 /* Frameworks */,
				AB496BFD2DDF0A0300B87CA6 /* Resources */,
			);
			buildRules = (
			);
			dependencies = (
				AB496C022DDF0A0300B87CA6 /* PBXTargetDependency */,
				AB496C042DDF0A0300B87CA6 /* PBXTargetDependency */,
			);
			name = StoreKit.frameworkTests;
			packageProductDependencies = (
			);
			productName = StoreKit.frameworkTests;
			productReference = AB496BFF2DDF0A0300B87CA6 /* StoreKit.frameworkTests.xctest */;
			productType = "com.apple.product-type.bundle.unit-test";
		};
		AB8032772DB18F4A0005A7DC /* PhotoRater */ = {
			isa = PBXNativeTarget;
			buildConfigurationList = AB80329C2DB18F4C0005A7DC /* Build configuration list for PBXNativeTarget "PhotoRater" */;
			buildPhases = (
				AB8032742DB18F4A0005A7DC /* Sources */,
				AB8032752DB18F4A0005A7DC /* Frameworks */,
				AB8032762DB18F4A0005A7DC /* Resources */,
				AB496C112DDF0A0300B87CA6 /* Embed Frameworks */,
			);
			buildRules = (
			);
			dependencies = (
				AB496C0A2DDF0A0300B87CA6 /* PBXTargetDependency */,
			);
			fileSystemSynchronizedGroups = (
				AB80327A2DB18F4A0005A7DC /* PhotoRater */,
			);
			name = PhotoRater;
			packageProductDependencies = (
				AB558DAE2E3D3E0500DE21D5 /* FirebaseAnalytics */,
				AB558DB02E3D3E0500DE21D5 /* FirebaseAnalyticsCore */,
				AB558DB22E3D3E0500DE21D5 /* FirebaseAuth */,
				AB558DB42E3D3E0500DE21D5 /* FirebaseCore */,
				AB558DB62E3D3E0500DE21D5 /* FirebaseCrashlytics */,
				AB558DB82E3D3E0500DE21D5 /* FirebaseFirestore */,
				AB558DBA2E3D3E0500DE21D5 /* FirebaseFunctions */,
				AB558DBC2E3D3E0500DE21D5 /* FirebasePerformance */,
			);
			productName = PhotoRater;
			productReference = AB8032782DB18F4A0005A7DC /* PhotoRater.app */;
			productType = "com.apple.product-type.application";
		};
		AB8032872DB18F4C0005A7DC /* PhotoRaterTests */ = {
			isa = PBXNativeTarget;
			buildConfigurationList = AB80329F2DB18F4C0005A7DC /* Build configuration list for PBXNativeTarget "PhotoRaterTests" */;
			buildPhases = (
				AB8032842DB18F4C0005A7DC /* Sources */,
				AB8032852DB18F4C0005A7DC /* Frameworks */,
				AB8032862DB18F4C0005A7DC /* Resources */,
			);
			buildRules = (
			);
			dependencies = (
				AB80328A2DB18F4C0005A7DC /* PBXTargetDependency */,
			);
			fileSystemSynchronizedGroups = (
				AB80328B2DB18F4C0005A7DC /* PhotoRaterTests */,
			);
			name = PhotoRaterTests;
			packageProductDependencies = (
			);
			productName = PhotoRaterTests;
			productReference = AB8032882DB18F4C0005A7DC /* PhotoRaterTests.xctest */;
			productType = "com.apple.product-type.bundle.unit-test";
		};
		AB8032912DB18F4C0005A7DC /* PhotoRaterUITests */ = {
			isa = PBXNativeTarget;
			buildConfigurationList = AB8032A22DB18F4C0005A7DC /* Build configuration list for PBXNativeTarget "PhotoRaterUITests" */;
			buildPhases = (
				AB80328E2DB18F4C0005A7DC /* Sources */,
				AB80328F2DB18F4C0005A7DC /* Frameworks */,
				AB8032902DB18F4C0005A7DC /* Resources */,
			);
			buildRules = (
			);
			dependencies = (
				AB8032942DB18F4C0005A7DC /* PBXTargetDependency */,
			);
			fileSystemSynchronizedGroups = (
				AB8032952DB18F4C0005A7DC /* PhotoRaterUITests */,
			);
			name = PhotoRaterUITests;
			packageProductDependencies = (
			);
			productName = PhotoRaterUITests;
			productReference = AB8032922DB18F4C0005A7DC /* PhotoRaterUITests.xctest */;
			productType = "com.apple.product-type.bundle.ui-testing";
		};
/* End PBXNativeTarget section */

/* Begin PBXProject section */
		AB8032702DB18F4A0005A7DC /* Project object */ = {
			isa = PBXProject;
			attributes = {
				BuildIndependentTargetsInParallel = 1;
				LastSwiftUpdateCheck = 1600;
				LastUpgradeCheck = 1600;
				TargetAttributes = {
					AB496BF52DDF0A0300B87CA6 = {
						CreatedOnToolsVersion = 16.0;
					};
					AB496BFE2DDF0A0300B87CA6 = {
						CreatedOnToolsVersion = 16.0;
						TestTargetID = AB8032772DB18F4A0005A7DC;
					};
					AB8032772DB18F4A0005A7DC = {
						CreatedOnToolsVersion = 16.0;
					};
					AB8032872DB18F4C0005A7DC = {
						CreatedOnToolsVersion = 16.0;
						TestTargetID = AB8032772DB18F4A0005A7DC;
					};
					AB8032912DB18F4C0005A7DC = {
						CreatedOnToolsVersion = 16.0;
						TestTargetID = AB8032772DB18F4A0005A7DC;
					};
				};
			};
			buildConfigurationList = AB8032732DB18F4A0005A7DC /* Build configuration list for PBXProject "PhotoRater" */;
			developmentRegion = en;
			hasScannedForEncodings = 0;
			knownRegions = (
				en,
				Base,
			);
			mainGroup = AB80326F2DB18F4A0005A7DC;
			minimizedProjectReferenceProxies = 1;
			packageReferences = (
				AB558DAD2E3D3E0400DE21D5 /* XCRemoteSwiftPackageReference "firebase-ios-sdk" */,
			);
			preferredProjectObjectVersion = 77;
			productRefGroup = AB8032792DB18F4A0005A7DC /* Products */;
			projectDirPath = "";
			projectRoot = "";
			targets = (
				AB8032772DB18F4A0005A7DC /* PhotoRater */,
				AB8032872DB18F4C0005A7DC /* PhotoRaterTests */,
				AB8032912DB18F4C0005A7DC /* PhotoRaterUITests */,
				AB496BF52DDF0A0300B87CA6 /* StoreKit.framework */,
				AB496BFE2DDF0A0300B87CA6 /* StoreKit.frameworkTests */,
			);
		};
/* End PBXProject section */

/* Begin PBXResourcesBuildPhase section */
		AB496BF42DDF0A0300B87CA6 /* Resources */ = {
			isa = PBXResourcesBuildPhase;
			buildActionMask = 2147483647;
			files = (
			);
			runOnlyForDeploymentPostprocessing = 0;
		};
		AB496BFD2DDF0A0300B87CA6 /* Resources */ = {
			isa = PBXResourcesBuildPhase;
			buildActionMask = 2147483647;
			files = (
			);
			runOnlyForDeploymentPostprocessing = 0;
		};
		AB8032762DB18F4A0005A7DC /* Resources */ = {
			isa = PBXResourcesBuildPhase;
			buildActionMask = 2147483647;
			files = (
			);
			runOnlyForDeploymentPostprocessing = 0;
		};
		AB8032862DB18F4C0005A7DC /* Resources */ = {
			isa = PBXResourcesBuildPhase;
			buildActionMask = 2147483647;
			files = (
			);
			runOnlyForDeploymentPostprocessing = 0;
		};
		AB8032902DB18F4C0005A7DC /* Resources */ = {
			isa = PBXResourcesBuildPhase;
			buildActionMask = 2147483647;
			files = (
			);
			runOnlyForDeploymentPostprocessing = 0;
		};
/* End PBXResourcesBuildPhase section */

/* Begin PBXSourcesBuildPhase section */
		AB496BF22DDF0A0300B87CA6 /* Sources */ = {
			isa = PBXSourcesBuildPhase;
			buildActionMask = 2147483647;
			files = (
			);
			runOnlyForDeploymentPostprocessing = 0;
		};
		AB496BFB2DDF0A0300B87CA6 /* Sources */ = {
			isa = PBXSourcesBuildPhase;
			buildActionMask = 2147483647;
			files = (
			);
			runOnlyForDeploymentPostprocessing = 0;
		};
		AB8032742DB18F4A0005A7DC /* Sources */ = {
			isa = PBXSourcesBuildPhase;
			buildActionMask = 2147483647;
			files = (
				AB8032C62DB33D470005A7DC /* ProcessingOverlay.swift in Sources */,
				AB8032AD2DB3346F0005A7DC /* RankedPhoto.swift in Sources */,
				AB6C60C02E37E484005FAD8A /* PromoCodeManager.swift in Sources */,
				AB8032C02DB33D0B0005A7DC /* PhotosPicker.swift in Sources */,
				AB65586A2DB36D5900113CFF /* PhotoProcessor.swift in Sources */,
				AB6806792E3F1AEC007BA588 /* GalleryPhotoCard.swift in Sources */,
				AB8032B02DB334890005A7DC /* PhotoTag.swift in Sources */,
				AB65586D2DB388DC00113CFF /* AuthenticationService.swift in Sources */,
				AB8032A72DB191900005A7DC /* AppDelegate.swift in Sources */,
				AB496BE82DDEF2B100B87CA6 /* PhotoDetailView.swift in Sources */,
				AB496BD32DDEBACD00B87CA6 /* FirebaseResponse.swift in Sources */,
				AB6806562E3DA79E007BA588 /* ProfileDetailView.swift in Sources */,
				AB8032C22DB33D200005A7DC /* CriteriaButton.swift in Sources */,
				AB496BEE2DDF083600B87CA6 /* PricingManager.swift in Sources */,
				AB6806772E3F1533007BA588 /* GalleryProfile.swift in Sources */,
				AB496BF02DDF085800B87CA6 /* PricingView.swift in Sources */,
				AB8032C42DB33D330005A7DC /* PhotoResultCard.swift in Sources */,
				AB6806542E3DA792007BA588 /* PrivacyPolicyView.swift in Sources */,
				AB68067B2E3F2117007BA588 /* GalleryEnums.swift in Sources */,
				AB6C60C22E37E497005FAD8A /* PromoCodeView.swift in Sources */,
				AB68064C2E3DA776007BA588 /* PhotosPicker.swift in Sources */,
				AB68064D2E3DA776007BA588 /* ProcessingOverlay.swift in Sources */,
				AB68064E2E3DA776007BA588 /* CriteriaButton.swift in Sources */,
				AB68064F2E3DA776007BA588 /* PhotoDetailView.swift in Sources */,
				AB6806502E3DA776007BA588 /* PhotoResultCard.swift in Sources */,
				AB8032AA2DB334460005A7DC /* RankingCriteria.swift in Sources */,
				AB6806752E3DAA5B007BA588 /* GalleryManager.swift in Sources */,
				ABFDC0CF2E3306FD0074935A /* PhotoRankerApp.swift in Sources */,
				AB6806442E3DA742007BA588 /* AccountView.swift in Sources */,
				AB80327E2DB18F4A0005A7DC /* ContentView.swift in Sources */,
				AB6806522E3DA77F007BA588 /* GalleryView.swift in Sources */,
				AB6806422E3DA3A6007BA588 /* MainTabView.swift in Sources */,
			);
			runOnlyForDeploymentPostprocessing = 0;
		};
		AB8032842DB18F4C0005A7DC /* Sources */ = {
			isa = PBXSourcesBuildPhase;
			buildActionMask = 2147483647;
			files = (
				AB65586C2DB388DC00113CFF /* AuthenticationService.swift in Sources */,
			);
			runOnlyForDeploymentPostprocessing = 0;
		};
		AB80328E2DB18F4C0005A7DC /* Sources */ = {
			isa = PBXSourcesBuildPhase;
			buildActionMask = 2147483647;
			files = (
				AB65586E2DB388DC00113CFF /* AuthenticationService.swift in Sources */,
			);
			runOnlyForDeploymentPostprocessing = 0;
		};
/* End PBXSourcesBuildPhase section */

/* Begin PBXTargetDependency section */
		AB496C022DDF0A0300B87CA6 /* PBXTargetDependency */ = {
			isa = PBXTargetDependency;
			target = AB496BF52DDF0A0300B87CA6 /* StoreKit.framework */;
			targetProxy = AB496C012DDF0A0300B87CA6 /* PBXContainerItemProxy */;
		};
		AB496C042DDF0A0300B87CA6 /* PBXTargetDependency */ = {
			isa = PBXTargetDependency;
			target = AB8032772DB18F4A0005A7DC /* PhotoRater */;
			targetProxy = AB496C032DDF0A0300B87CA6 /* PBXContainerItemProxy */;
		};
		AB496C0A2DDF0A0300B87CA6 /* PBXTargetDependency */ = {
			isa = PBXTargetDependency;
			target = AB496BF52DDF0A0300B87CA6 /* StoreKit.framework */;
			targetProxy = AB496C092DDF0A0300B87CA6 /* PBXContainerItemProxy */;
		};
		AB80328A2DB18F4C0005A7DC /* PBXTargetDependency */ = {
			isa = PBXTargetDependency;
			target = AB8032772DB18F4A0005A7DC /* PhotoRater */;
			targetProxy = AB8032892DB18F4C0005A7DC /* PBXContainerItemProxy */;
		};
		AB8032942DB18F4C0005A7DC /* PBXTargetDependency */ = {
			isa = PBXTargetDependency;
			target = AB8032772DB18F4A0005A7DC /* PhotoRater */;
			targetProxy = AB8032932DB18F4C0005A7DC /* PBXContainerItemProxy */;
		};
/* End PBXTargetDependency section */

/* Begin XCBuildConfiguration section */
		AB496C0E2DDF0A0300B87CA6 /* Debug */ = {
			isa = XCBuildConfiguration;
			buildSettings = {
				BUILD_LIBRARY_FOR_DISTRIBUTION = YES;
				CODE_SIGN_STYLE = Automatic;
				CURRENT_PROJECT_VERSION = 1;
				DEFINES_MODULE = YES;
				DYLIB_COMPATIBILITY_VERSION = 1;
				DYLIB_CURRENT_VERSION = 1;
				DYLIB_INSTALL_NAME_BASE = "@rpath";
				ENABLE_MODULE_VERIFIER = YES;
				GENERATE_INFOPLIST_FILE = YES;
				INFOPLIST_KEY_NSHumanReadableCopyright = "";
				INSTALL_PATH = "$(LOCAL_LIBRARY_DIR)/Frameworks";
				LD_RUNPATH_SEARCH_PATHS = (
					"$(inherited)",
					"@executable_path/Frameworks",
					"@loader_path/Frameworks",
				);
				MARKETING_VERSION = 1.0;
				MODULE_VERIFIER_SUPPORTED_LANGUAGES = "objective-c objective-c++";
				MODULE_VERIFIER_SUPPORTED_LANGUAGE_STANDARDS = "gnu17 gnu++20";
				PRODUCT_BUNDLE_IDENTIFIER = "DH.StoreKit-framework";
				PRODUCT_NAME = "$(TARGET_NAME:c99extidentifier)";
				SKIP_INSTALL = YES;
				SWIFT_EMIT_LOC_STRINGS = YES;
				SWIFT_INSTALL_OBJC_HEADER = NO;
				SWIFT_VERSION = 5.0;
				TARGETED_DEVICE_FAMILY = "1,2";
				VERSIONING_SYSTEM = "apple-generic";
				VERSION_INFO_PREFIX = "";
			};
			name = Debug;
		};
		AB496C0F2DDF0A0300B87CA6 /* Release */ = {
			isa = XCBuildConfiguration;
			buildSettings = {
				BUILD_LIBRARY_FOR_DISTRIBUTION = YES;
				CODE_SIGN_STYLE = Automatic;
				CURRENT_PROJECT_VERSION = 1;
				DEFINES_MODULE = YES;
				DYLIB_COMPATIBILITY_VERSION = 1;
				DYLIB_CURRENT_VERSION = 1;
				DYLIB_INSTALL_NAME_BASE = "@rpath";
				ENABLE_MODULE_VERIFIER = YES;
				GENERATE_INFOPLIST_FILE = YES;
				INFOPLIST_KEY_NSHumanReadableCopyright = "";
				INSTALL_PATH = "$(LOCAL_LIBRARY_DIR)/Frameworks";
				LD_RUNPATH_SEARCH_PATHS = (
					"$(inherited)",
					"@executable_path/Frameworks",
					"@loader_path/Frameworks",
				);
				MARKETING_VERSION = 1.0;
				MODULE_VERIFIER_SUPPORTED_LANGUAGES = "objective-c objective-c++";
				MODULE_VERIFIER_SUPPORTED_LANGUAGE_STANDARDS = "gnu17 gnu++20";
				PRODUCT_BUNDLE_IDENTIFIER = "DH.StoreKit-framework";
				PRODUCT_NAME = "$(TARGET_NAME:c99extidentifier)";
				SKIP_INSTALL = YES;
				SWIFT_EMIT_LOC_STRINGS = YES;
				SWIFT_INSTALL_OBJC_HEADER = NO;
				SWIFT_VERSION = 5.0;
				TARGETED_DEVICE_FAMILY = "1,2";
				VERSIONING_SYSTEM = "apple-generic";
				VERSION_INFO_PREFIX = "";
			};
			name = Release;
		};
		AB496C132DDF0A0300B87CA6 /* Debug */ = {
			isa = XCBuildConfiguration;
			buildSettings = {
				CODE_SIGN_STYLE = Automatic;
				CURRENT_PROJECT_VERSION = 1;
				GENERATE_INFOPLIST_FILE = YES;
				MARKETING_VERSION = 1.0;
				PRODUCT_BUNDLE_IDENTIFIER = "DH.StoreKit-frameworkTests";
				PRODUCT_NAME = "$(TARGET_NAME)";
				SWIFT_EMIT_LOC_STRINGS = NO;
				SWIFT_VERSION = 5.0;
				TARGETED_DEVICE_FAMILY = "1,2";
				TEST_HOST = "$(BUILT_PRODUCTS_DIR)/PhotoRater.app/$(BUNDLE_EXECUTABLE_FOLDER_PATH)/PhotoRater";
			};
			name = Debug;
		};
		AB496C142DDF0A0300B87CA6 /* Release */ = {
			isa = XCBuildConfiguration;
			buildSettings = {
				CODE_SIGN_STYLE = Automatic;
				CURRENT_PROJECT_VERSION = 1;
				GENERATE_INFOPLIST_FILE = YES;
				MARKETING_VERSION = 1.0;
				PRODUCT_BUNDLE_IDENTIFIER = "DH.StoreKit-frameworkTests";
				PRODUCT_NAME = "$(TARGET_NAME)";
				SWIFT_EMIT_LOC_STRINGS = NO;
				SWIFT_VERSION = 5.0;
				TARGETED_DEVICE_FAMILY = "1,2";
				TEST_HOST = "$(BUILT_PRODUCTS_DIR)/PhotoRater.app/$(BUNDLE_EXECUTABLE_FOLDER_PATH)/PhotoRater";
			};
			name = Release;
		};
		AB80329A2DB18F4C0005A7DC /* Debug */ = {
			isa = XCBuildConfiguration;
			buildSettings = {
				ALWAYS_SEARCH_USER_PATHS = NO;
				ASSETCATALOG_COMPILER_GENERATE_SWIFT_ASSET_SYMBOL_EXTENSIONS = YES;
				CLANG_ANALYZER_NONNULL = YES;
				CLANG_ANALYZER_NUMBER_OBJECT_CONVERSION = YES_AGGRESSIVE;
				CLANG_CXX_LANGUAGE_STANDARD = "gnu++20";
				CLANG_ENABLE_MODULES = YES;
				CLANG_ENABLE_OBJC_ARC = YES;
				CLANG_ENABLE_OBJC_WEAK = YES;
				CLANG_WARN_BLOCK_CAPTURE_AUTORELEASING = YES;
				CLANG_WARN_BOOL_CONVERSION = YES;
				CLANG_WARN_COMMA = YES;
				CLANG_WARN_CONSTANT_CONVERSION = YES;
				CLANG_WARN_DEPRECATED_OBJC_IMPLEMENTATIONS = YES;
				CLANG_WARN_DIRECT_OBJC_ISA_USAGE = YES_ERROR;
				CLANG_WARN_DOCUMENTATION_COMMENTS = YES;
				CLANG_WARN_EMPTY_BODY = YES;
				CLANG_WARN_ENUM_CONVERSION = YES;
				CLANG_WARN_INFINITE_RECURSION = YES;
				CLANG_WARN_INT_CONVERSION = YES;
				CLANG_WARN_NON_LITERAL_NULL_CONVERSION = YES;
				CLANG_WARN_OBJC_IMPLICIT_RETAIN_SELF = YES;
				CLANG_WARN_OBJC_LITERAL_CONVERSION = YES;
				CLANG_WARN_OBJC_ROOT_CLASS = YES_ERROR;
				CLANG_WARN_QUOTED_INCLUDE_IN_FRAMEWORK_HEADER = YES;
				CLANG_WARN_RANGE_LOOP_ANALYSIS = YES;
				CLANG_WARN_STRICT_PROTOTYPES = YES;
				CLANG_WARN_SUSPICIOUS_MOVE = YES;
				CLANG_WARN_UNGUARDED_AVAILABILITY = YES_AGGRESSIVE;
				CLANG_WARN_UNREACHABLE_CODE = YES;
				CLANG_WARN__DUPLICATE_METHOD_MATCH = YES;
				COPY_PHASE_STRIP = NO;
				DEBUG_INFORMATION_FORMAT = dwarf;
				ENABLE_STRICT_OBJC_MSGSEND = YES;
				ENABLE_TESTABILITY = YES;
				ENABLE_USER_SCRIPT_SANDBOXING = YES;
				GCC_C_LANGUAGE_STANDARD = gnu17;
				GCC_DYNAMIC_NO_PIC = NO;
				GCC_NO_COMMON_BLOCKS = YES;
				GCC_OPTIMIZATION_LEVEL = 0;
				GCC_PREPROCESSOR_DEFINITIONS = (
					"DEBUG=1",
					"$(inherited)",
				);
				GCC_WARN_64_TO_32_BIT_CONVERSION = YES;
				GCC_WARN_ABOUT_RETURN_TYPE = YES_ERROR;
				GCC_WARN_UNDECLARED_SELECTOR = YES;
				GCC_WARN_UNINITIALIZED_AUTOS = YES_AGGRESSIVE;
				GCC_WARN_UNUSED_FUNCTION = YES;
				GCC_WARN_UNUSED_VARIABLE = YES;
				IPHONEOS_DEPLOYMENT_TARGET = 18.0;
				LOCALIZATION_PREFERS_STRING_CATALOGS = YES;
				MTL_ENABLE_DEBUG_INFO = INCLUDE_SOURCE;
				MTL_FAST_MATH = YES;
				ONLY_ACTIVE_ARCH = YES;
				SDKROOT = iphoneos;
				SWIFT_ACTIVE_COMPILATION_CONDITIONS = "DEBUG $(inherited)";
				SWIFT_OPTIMIZATION_LEVEL = "-Onone";
			};
			name = Debug;
		};
		AB80329B2DB18F4C0005A7DC /* Release */ = {
			isa = XCBuildConfiguration;
			buildSettings = {
				ALWAYS_SEARCH_USER_PATHS = NO;
				ASSETCATALOG_COMPILER_GENERATE_SWIFT_ASSET_SYMBOL_EXTENSIONS = YES;
				CLANG_ANALYZER_NONNULL = YES;
				CLANG_ANALYZER_NUMBER_OBJECT_CONVERSION = YES_AGGRESSIVE;
				CLANG_CXX_LANGUAGE_STANDARD = "gnu++20";
				CLANG_ENABLE_MODULES = YES;
				CLANG_ENABLE_OBJC_ARC = YES;
				CLANG_ENABLE_OBJC_WEAK = YES;
				CLANG_WARN_BLOCK_CAPTURE_AUTORELEASING = YES;
				CLANG_WARN_BOOL_CONVERSION = YES;
				CLANG_WARN_COMMA = YES;
				CLANG_WARN_CONSTANT_CONVERSION = YES;
				CLANG_WARN_DEPRECATED_OBJC_IMPLEMENTATIONS = YES;
				CLANG_WARN_DIRECT_OBJC_ISA_USAGE = YES_ERROR;
				CLANG_WARN_DOCUMENTATION_COMMENTS = YES;
				CLANG_WARN_EMPTY_BODY = YES;
				CLANG_WARN_ENUM_CONVERSION = YES;
				CLANG_WARN_INFINITE_RECURSION = YES;
				CLANG_WARN_INT_CONVERSION = YES;
				CLANG_WARN_NON_LITERAL_NULL_CONVERSION = YES;
				CLANG_WARN_OBJC_IMPLICIT_RETAIN_SELF = YES;
				CLANG_WARN_OBJC_LITERAL_CONVERSION = YES;
				CLANG_WARN_OBJC_ROOT_CLASS = YES_ERROR;
				CLANG_WARN_QUOTED_INCLUDE_IN_FRAMEWORK_HEADER = YES;
				CLANG_WARN_RANGE_LOOP_ANALYSIS = YES;
				CLANG_WARN_STRICT_PROTOTYPES = YES;
				CLANG_WARN_SUSPICIOUS_MOVE = YES;
				CLANG_WARN_UNGUARDED_AVAILABILITY = YES_AGGRESSIVE;
				CLANG_WARN_UNREACHABLE_CODE = YES;
				CLANG_WARN__DUPLICATE_METHOD_MATCH = YES;
				COPY_PHASE_STRIP = NO;
				DEBUG_INFORMATION_FORMAT = "dwarf-with-dsym";
				ENABLE_NS_ASSERTIONS = NO;
				ENABLE_STRICT_OBJC_MSGSEND = YES;
				ENABLE_USER_SCRIPT_SANDBOXING = YES;
				GCC_C_LANGUAGE_STANDARD = gnu17;
				GCC_NO_COMMON_BLOCKS = YES;
				GCC_WARN_64_TO_32_BIT_CONVERSION = YES;
				GCC_WARN_ABOUT_RETURN_TYPE = YES_ERROR;
				GCC_WARN_UNDECLARED_SELECTOR = YES;
				GCC_WARN_UNINITIALIZED_AUTOS = YES_AGGRESSIVE;
				GCC_WARN_UNUSED_FUNCTION = YES;
				GCC_WARN_UNUSED_VARIABLE = YES;
				IPHONEOS_DEPLOYMENT_TARGET = 18.0;
				LOCALIZATION_PREFERS_STRING_CATALOGS = YES;
				MTL_ENABLE_DEBUG_INFO = NO;
				MTL_FAST_MATH = YES;
				SDKROOT = iphoneos;
				SWIFT_COMPILATION_MODE = wholemodule;
				VALIDATE_PRODUCT = YES;
			};
			name = Release;
		};
		AB80329D2DB18F4C0005A7DC /* Debug */ = {
			isa = XCBuildConfiguration;
			buildSettings = {
				ASSETCATALOG_COMPILER_APPICON_NAME = AppIcon;
				ASSETCATALOG_COMPILER_GLOBAL_ACCENT_COLOR_NAME = AccentColor;
				CODE_SIGN_ENTITLEMENTS = PhotoRater/PhotoRater.entitlements;
				CODE_SIGN_STYLE = Automatic;
				CURRENT_PROJECT_VERSION = 1;
				DEVELOPMENT_ASSET_PATHS = "\"PhotoRater/Preview Content\"";
				DEVELOPMENT_TEAM = 85N67H4N58;
				ENABLE_PREVIEWS = YES;
				GENERATE_INFOPLIST_FILE = YES;
				INFOPLIST_FILE = PhotoRater/Info.plist;
				INFOPLIST_KEY_CFBundleDisplayName = PhotoRater;
				INFOPLIST_KEY_NSPhotoLibraryUsageDescription = "We need access to your photo library to select photos for ranking.";
				INFOPLIST_KEY_UIApplicationSceneManifest_Generation = YES;
				INFOPLIST_KEY_UIApplicationSupportsIndirectInputEvents = YES;
				INFOPLIST_KEY_UILaunchScreen_Generation = YES;
				INFOPLIST_KEY_UISupportedInterfaceOrientations_iPad = "UIInterfaceOrientationPortrait UIInterfaceOrientationPortraitUpsideDown UIInterfaceOrientationLandscapeLeft UIInterfaceOrientationLandscapeRight";
				INFOPLIST_KEY_UISupportedInterfaceOrientations_iPhone = "UIInterfaceOrientationPortrait UIInterfaceOrientationLandscapeLeft UIInterfaceOrientationLandscapeRight";
				LD_RUNPATH_SEARCH_PATHS = (
					"$(inherited)",
					"@executable_path/Frameworks",
				);
				MARKETING_VERSION = 1.0;
				PRODUCT_BUNDLE_IDENTIFIER = DavidHarms.PhotoRater;
				PRODUCT_NAME = "$(TARGET_NAME)";
				SWIFT_EMIT_LOC_STRINGS = YES;
				SWIFT_VERSION = 5.0;
				TARGETED_DEVICE_FAMILY = "1,2";
			};
			name = Debug;
		};
		AB80329E2DB18F4C0005A7DC /* Release */ = {
			isa = XCBuildConfiguration;
			buildSettings = {
				ASSETCATALOG_COMPILER_APPICON_NAME = AppIcon;
				ASSETCATALOG_COMPILER_GLOBAL_ACCENT_COLOR_NAME = AccentColor;
				CODE_SIGN_ENTITLEMENTS = PhotoRater/PhotoRater.entitlements;
				CODE_SIGN_STYLE = Automatic;
				CURRENT_PROJECT_VERSION = 1;
				DEVELOPMENT_ASSET_PATHS = "\"PhotoRater/Preview Content\"";
				DEVELOPMENT_TEAM = 85N67H4N58;
				ENABLE_PREVIEWS = YES;
				GENERATE_INFOPLIST_FILE = YES;
				INFOPLIST_FILE = PhotoRater/Info.plist;
				INFOPLIST_KEY_CFBundleDisplayName = PhotoRater;
				INFOPLIST_KEY_NSPhotoLibraryUsageDescription = "We need access to your photo library to select photos for ranking.";
				INFOPLIST_KEY_UIApplicationSceneManifest_Generation = YES;
				INFOPLIST_KEY_UIApplicationSupportsIndirectInputEvents = YES;
				INFOPLIST_KEY_UILaunchScreen_Generation = YES;
				INFOPLIST_KEY_UISupportedInterfaceOrientations_iPad = "UIInterfaceOrientationPortrait UIInterfaceOrientationPortraitUpsideDown UIInterfaceOrientationLandscapeLeft UIInterfaceOrientationLandscapeRight";
				INFOPLIST_KEY_UISupportedInterfaceOrientations_iPhone = "UIInterfaceOrientationPortrait UIInterfaceOrientationLandscapeLeft UIInterfaceOrientationLandscapeRight";
				LD_RUNPATH_SEARCH_PATHS = (
					"$(inherited)",
					"@executable_path/Frameworks",
				);
				MARKETING_VERSION = 1.0;
				PRODUCT_BUNDLE_IDENTIFIER = DavidHarms.PhotoRater;
				PRODUCT_NAME = "$(TARGET_NAME)";
				SWIFT_EMIT_LOC_STRINGS = YES;
				SWIFT_VERSION = 5.0;
				TARGETED_DEVICE_FAMILY = "1,2";
			};
			name = Release;
		};
		AB8032A02DB18F4C0005A7DC /* Debug */ = {
			isa = XCBuildConfiguration;
			buildSettings = {
				BUNDLE_LOADER = "$(TEST_HOST)";
				CODE_SIGN_STYLE = Automatic;
				CURRENT_PROJECT_VERSION = 1;
				GENERATE_INFOPLIST_FILE = YES;
				IPHONEOS_DEPLOYMENT_TARGET = 18.0;
				MARKETING_VERSION = 1.0;
				PRODUCT_BUNDLE_IDENTIFIER = DH.PhotoRaterTests;
				PRODUCT_NAME = "$(TARGET_NAME)";
				SWIFT_EMIT_LOC_STRINGS = NO;
				SWIFT_VERSION = 5.0;
				TARGETED_DEVICE_FAMILY = "1,2";
				TEST_HOST = "$(BUILT_PRODUCTS_DIR)/PhotoRater.app/$(BUNDLE_EXECUTABLE_FOLDER_PATH)/PhotoRater";
			};
			name = Debug;
		};
		AB8032A12DB18F4C0005A7DC /* Release */ = {
			isa = XCBuildConfiguration;
			buildSettings = {
				BUNDLE_LOADER = "$(TEST_HOST)";
				CODE_SIGN_STYLE = Automatic;
				CURRENT_PROJECT_VERSION = 1;
				GENERATE_INFOPLIST_FILE = YES;
				IPHONEOS_DEPLOYMENT_TARGET = 18.0;
				MARKETING_VERSION = 1.0;
				PRODUCT_BUNDLE_IDENTIFIER = DH.PhotoRaterTests;
				PRODUCT_NAME = "$(TARGET_NAME)";
				SWIFT_EMIT_LOC_STRINGS = NO;
				SWIFT_VERSION = 5.0;
				TARGETED_DEVICE_FAMILY = "1,2";
				TEST_HOST = "$(BUILT_PRODUCTS_DIR)/PhotoRater.app/$(BUNDLE_EXECUTABLE_FOLDER_PATH)/PhotoRater";
			};
			name = Release;
		};
		AB8032A32DB18F4C0005A7DC /* Debug */ = {
			isa = XCBuildConfiguration;
			buildSettings = {
				CODE_SIGN_STYLE = Automatic;
				CURRENT_PROJECT_VERSION = 1;
				GENERATE_INFOPLIST_FILE = YES;
				MARKETING_VERSION = 1.0;
				PRODUCT_BUNDLE_IDENTIFIER = DH.PhotoRaterUITests;
				PRODUCT_NAME = "$(TARGET_NAME)";
				SWIFT_EMIT_LOC_STRINGS = NO;
				SWIFT_VERSION = 5.0;
				TARGETED_DEVICE_FAMILY = "1,2";
				TEST_TARGET_NAME = PhotoRater;
			};
			name = Debug;
		};
		AB8032A42DB18F4C0005A7DC /* Release */ = {
			isa = XCBuildConfiguration;
			buildSettings = {
				CODE_SIGN_STYLE = Automatic;
				CURRENT_PROJECT_VERSION = 1;
				GENERATE_INFOPLIST_FILE = YES;
				MARKETING_VERSION = 1.0;
				PRODUCT_BUNDLE_IDENTIFIER = DH.PhotoRaterUITests;
				PRODUCT_NAME = "$(TARGET_NAME)";
				SWIFT_EMIT_LOC_STRINGS = NO;
				SWIFT_VERSION = 5.0;
				TARGETED_DEVICE_FAMILY = "1,2";
				TEST_TARGET_NAME = PhotoRater;
			};
			name = Release;
		};
/* End XCBuildConfiguration section */

/* Begin XCConfigurationList section */
		AB496C0D2DDF0A0300B87CA6 /* Build configuration list for PBXNativeTarget "StoreKit.framework" */ = {
			isa = XCConfigurationList;
			buildConfigurations = (
				AB496C0E2DDF0A0300B87CA6 /* Debug */,
				AB496C0F2DDF0A0300B87CA6 /* Release */,
			);
			defaultConfigurationIsVisible = 0;
			defaultConfigurationName = Release;
		};
		AB496C122DDF0A0300B87CA6 /* Build configuration list for PBXNativeTarget "StoreKit.frameworkTests" */ = {
			isa = XCConfigurationList;
			buildConfigurations = (
				AB496C132DDF0A0300B87CA6 /* Debug */,
				AB496C142DDF0A0300B87CA6 /* Release */,
			);
			defaultConfigurationIsVisible = 0;
			defaultConfigurationName = Release;
		};
		AB8032732DB18F4A0005A7DC /* Build configuration list for PBXProject "PhotoRater" */ = {
			isa = XCConfigurationList;
			buildConfigurations = (
				AB80329A2DB18F4C0005A7DC /* Debug */,
				AB80329B2DB18F4C0005A7DC /* Release */,
			);
			defaultConfigurationIsVisible = 0;
			defaultConfigurationName = Release;
		};
		AB80329C2DB18F4C0005A7DC /* Build configuration list for PBXNativeTarget "PhotoRater" */ = {
			isa = XCConfigurationList;
			buildConfigurations = (
				AB80329D2DB18F4C0005A7DC /* Debug */,
				AB80329E2DB18F4C0005A7DC /* Release */,
			);
			defaultConfigurationIsVisible = 0;
			defaultConfigurationName = Release;
		};
		AB80329F2DB18F4C0005A7DC /* Build configuration list for PBXNativeTarget "PhotoRaterTests" */ = {
			isa = XCConfigurationList;
			buildConfigurations = (
				AB8032A02DB18F4C0005A7DC /* Debug */,
				AB8032A12DB18F4C0005A7DC /* Release */,
			);
			defaultConfigurationIsVisible = 0;
			defaultConfigurationName = Release;
		};
		AB8032A22DB18F4C0005A7DC /* Build configuration list for PBXNativeTarget "PhotoRaterUITests" */ = {
			isa = XCConfigurationList;
			buildConfigurations = (
				AB8032A32DB18F4C0005A7DC /* Debug */,
				AB8032A42DB18F4C0005A7DC /* Release */,
			);
			defaultConfigurationIsVisible = 0;
			defaultConfigurationName = Release;
		};
/* End XCConfigurationList section */

/* Begin XCRemoteSwiftPackageReference section */
		AB558DAD2E3D3E0400DE21D5 /* XCRemoteSwiftPackageReference "firebase-ios-sdk" */ = {
			isa = XCRemoteSwiftPackageReference;
			repositoryURL = "https://github.com/firebase/firebase-ios-sdk.git";
			requirement = {
				kind = upToNextMajorVersion;
				minimumVersion = 12.0.0;
			};
		};
/* End XCRemoteSwiftPackageReference section */

/* Begin XCSwiftPackageProductDependency section */
		AB558DAE2E3D3E0500DE21D5 /* FirebaseAnalytics */ = {
			isa = XCSwiftPackageProductDependency;
			package = AB558DAD2E3D3E0400DE21D5 /* XCRemoteSwiftPackageReference "firebase-ios-sdk" */;
			productName = FirebaseAnalytics;
		};
		AB558DB02E3D3E0500DE21D5 /* FirebaseAnalyticsCore */ = {
			isa = XCSwiftPackageProductDependency;
			package = AB558DAD2E3D3E0400DE21D5 /* XCRemoteSwiftPackageReference "firebase-ios-sdk" */;
			productName = FirebaseAnalyticsCore;
		};
		AB558DB22E3D3E0500DE21D5 /* FirebaseAuth */ = {
			isa = XCSwiftPackageProductDependency;
			package = AB558DAD2E3D3E0400DE21D5 /* XCRemoteSwiftPackageReference "firebase-ios-sdk" */;
			productName = FirebaseAuth;
		};
		AB558DB42E3D3E0500DE21D5 /* FirebaseCore */ = {
			isa = XCSwiftPackageProductDependency;
			package = AB558DAD2E3D3E0400DE21D5 /* XCRemoteSwiftPackageReference "firebase-ios-sdk" */;
			productName = FirebaseCore;
		};
		AB558DB62E3D3E0500DE21D5 /* FirebaseCrashlytics */ = {
			isa = XCSwiftPackageProductDependency;
			package = AB558DAD2E3D3E0400DE21D5 /* XCRemoteSwiftPackageReference "firebase-ios-sdk" */;
			productName = FirebaseCrashlytics;
		};
		AB558DB82E3D3E0500DE21D5 /* FirebaseFirestore */ = {
			isa = XCSwiftPackageProductDependency;
			package = AB558DAD2E3D3E0400DE21D5 /* XCRemoteSwiftPackageReference "firebase-ios-sdk" */;
			productName = FirebaseFirestore;
		};
		AB558DBA2E3D3E0500DE21D5 /* FirebaseFunctions */ = {
			isa = XCSwiftPackageProductDependency;
			package = AB558DAD2E3D3E0400DE21D5 /* XCRemoteSwiftPackageReference "firebase-ios-sdk" */;
			productName = FirebaseFunctions;
		};
		AB558DBC2E3D3E0500DE21D5 /* FirebasePerformance */ = {
			isa = XCSwiftPackageProductDependency;
			package = AB558DAD2E3D3E0400DE21D5 /* XCRemoteSwiftPackageReference "firebase-ios-sdk" */;
			productName = FirebasePerformance;
		};
/* End XCSwiftPackageProductDependency section */
	};
	rootObject = AB8032702DB18F4A0005A7DC /* Project object */;
}
