// !$*UTF8*$!
{
	archiveVersion = 1;
	classes = {
	};
	objectVersion = 77;
	objects = {

/* Begin PBXContainerItemProxy section */
		AB8032892DB18F4C0005A7DC /* PBXContainerItemProxy */ = {
			isa = PBXContainerItemProxy;
			containerPortal = AB8032702DB18F4A0005A7DC /* Project object */;
			proxyType = 1;
			remoteGlobalIDString = AB8032772DB18F4A0005A7DC;
			remoteInfo = PhotoRater;
		};
		AB8032932DB18F4C0005A7DC /* PBXContainerItemProxy */ = {
			isa = PBXContainerItemProxy;
			containerPortal = AB8032702DB18F4A0005A7DC /* Project object */;
			proxyType = 1;
			remoteGlobalIDString = AB8032772DB18F4A0005A7DC;
			remoteInfo = PhotoRater;
		};
/* End PBXContainerItemProxy section */

/* Begin PBXFileReference section */
		AB8032782DB18F4A0005A7DC /* PhotoRater.app */ = {isa = PBXFileReference; explicitFileType = wrapper.application; includeInIndex = 0; path = PhotoRater.app; sourceTree = BUILT_PRODUCTS_DIR; };
		AB8032882DB18F4C0005A7DC /* PhotoRaterTests.xctest */ = {isa = PBXFileReference; explicitFileType = wrapper.cfbundle; includeInIndex = 0; path = PhotoRaterTests.xctest; sourceTree = BUILT_PRODUCTS_DIR; };
		AB8032922DB18F4C0005A7DC /* PhotoRaterUITests.xctest */ = {isa = PBXFileReference; explicitFileType = wrapper.cfbundle; includeInIndex = 0; path = PhotoRaterUITests.xctest; sourceTree = BUILT_PRODUCTS_DIR; };
/* End PBXFileReference section */

/* Begin PBXFileSystemSynchronizedRootGroup section */
		AB80327A2DB18F4A0005A7DC /* PhotoRater */ = {
			isa = PBXFileSystemSynchronizedRootGroup;
			path = PhotoRater;
			sourceTree = "<group>";
		};
		AB80328B2DB18F4C0005A7DC /* PhotoRaterTests */ = {
			isa = PBXFileSystemSynchronizedRootGroup;
			path = PhotoRaterTests;
			sourceTree = "<group>";
		};
		AB8032952DB18F4C0005A7DC /* PhotoRaterUITests */ = {
			isa = PBXFileSystemSynchronizedRootGroup;
			path = PhotoRaterUITests;
			sourceTree = "<group>";
		};
/* End PBXFileSystemSynchronizedRootGroup section */

/* Begin PBXFrameworksBuildPhase section */
		AB8032752DB18F4A0005A7DC /* Frameworks */ = {
			isa = PBXFrameworksBuildPhase;
			buildActionMask = 2147483647;
			files = (
			);
			runOnlyForDeploymentPostprocessing = 0;
		};
		AB8032852DB18F4C0005A7DC /* Frameworks */ = {
			isa = PBXFrameworksBuildPhase;
			buildActionMask = 2147483647;
			files = (
			);
			runOnlyForDeploymentPostprocessing = 0;
		};
		AB80328F2DB18F4C0005A7DC /* Frameworks */ = {
			isa = PBXFrameworksBuildPhase;
			buildActionMask = 2147483647;
			files = (
			);
			runOnlyForDeploymentPostprocessing = 0;
		};
/* End PBXFrameworksBuildPhase section */

/* Begin PBXGroup section */
		AB80326F2DB18F4A0005A7DC = {
			isa = PBXGroup;
			children = (
				AB80327A2DB18F4A0005A7DC /* PhotoRater */,
				AB80328B2DB18F4C0005A7DC /* PhotoRaterTests */,
				AB8032952DB18F4C0005A7DC /* PhotoRaterUITests */,
				AB8032792DB18F4A0005A7DC /* Products */,
			);
			sourceTree = "<group>";
		};
		AB8032792DB18F4A0005A7DC /* Products */ = {
			isa = PBXGroup;
			children = (
				AB8032782DB18F4A0005A7DC /* PhotoRater.app */,
				AB8032882DB18F4C0005A7DC /* PhotoRaterTests.xctest */,
				AB8032922DB18F4C0005A7DC /* PhotoRaterUITests.xctest */,
			);
			name = Products;
			sourceTree = "<group>";
		};
/* End PBXGroup section */

/* Begin PBXNativeTarget section */
		AB8032772DB18F4A0005A7DC /* PhotoRater */ = {
			isa = PBXNativeTarget;
			buildConfigurationList = AB80329C2DB18F4C0005A7DC /* Build configuration list for PBXNativeTarget "PhotoRater" */;
			buildPhases = (
				AB8032742DB18F4A0005A7DC /* Sources */,
				AB8032752DB18F4A0005A7DC /* Frameworks */,
				AB8032762DB18F4A0005A7DC /* Resources */,
			);
			buildRules = (
			);
			dependencies = (
			);
			fileSystemSynchronizedGroups = (
				AB80327A2DB18F4A0005A7DC /* PhotoRater */,
			);
			name = PhotoRater;
			packageProductDependencies = (
			);
			productName = PhotoRater;
			productReference = AB8032782DB18F4A0005A7DC /* PhotoRater.app */;
			productType = "com.apple.product-type.application";
		};
		AB8032872DB18F4C0005A7DC /* PhotoRaterTests */ = {
			isa = PBXNativeTarget;
			buildConfigurationList = AB80329F2DB18F4C0005A7DC /* Build configuration list for PBXNativeTarget "PhotoRaterTests" */;
			buildPhases = (
				AB8032842DB18F4C0005A7DC /* Sources */,
				AB8032852DB18F4C0005A7DC /* Frameworks */,
				AB8032862DB18F4C0005A7DC /* Resources */,
			);
			buildRules = (
			);
			dependencies = (
				AB80328A2DB18F4C0005A7DC /* PBXTargetDependency */,
			);
			fileSystemSynchronizedGroups = (
				AB80328B2DB18F4C0005A7DC /* PhotoRaterTests */,
			);
			name = PhotoRaterTests;
			packageProductDependencies = (
			);
			productName = PhotoRaterTests;
			productReference = AB8032882DB18F4C0005A7DC /* PhotoRaterTests.xctest */;
			productType = "com.apple.product-type.bundle.unit-test";
		};
		AB8032912DB18F4C0005A7DC /* PhotoRaterUITests */ = {
			isa = PBXNativeTarget;
			buildConfigurationList = AB8032A22DB18F4C0005A7DC /* Build configuration list for PBXNativeTarget "PhotoRaterUITests" */;
			buildPhases = (
				AB80328E2DB18F4C0005A7DC /* Sources */,
				AB80328F2DB18F4C0005A7DC /* Frameworks */,
				AB8032902DB18F4C0005A7DC /* Resources */,
			);
			buildRules = (
			);
			dependencies = (
				AB8032942DB18F4C0005A7DC /* PBXTargetDependency */,
			);
			fileSystemSynchronizedGroups = (
				AB8032952DB18F4C0005A7DC /* PhotoRaterUITests */,
			);
			name = PhotoRaterUITests;
			packageProductDependencies = (
			);
			productName = PhotoRaterUITests;
			productReference = AB8032922DB18F4C0005A7DC /* PhotoRaterUITests.xctest */;
			productType = "com.apple.product-type.bundle.ui-testing";
		};
/* End PBXNativeTarget section */

/* Begin PBXProject section */
		AB8032702DB18F4A0005A7DC /* Project object */ = {
			isa = PBXProject;
			attributes = {
				BuildIndependentTargetsInParallel = 1;
				LastSwiftUpdateCheck = 1600;
				LastUpgradeCheck = 1600;
				TargetAttributes = {
					AB8032772DB18F4A0005A7DC = {
						CreatedOnToolsVersion = 16.0;
					};
					AB8032872DB18F4C0005A7DC = {
						CreatedOnToolsVersion = 16.0;
						TestTargetID = AB8032772DB18F4A0005A7DC;
					};
					AB8032912DB18F4C0005A7DC = {
						CreatedOnToolsVersion = 16.0;
						TestTargetID = AB8032772DB18F4A0005A7DC;
					};
				};
			};
			buildConfigurationList = AB8032732DB18F4A0005A7DC /* Build configuration list for PBXProject "PhotoRater" */;
			developmentRegion = en;
			hasScannedForEncodings = 0;
			knownRegions = (
				en,
				Base,
			);
			mainGroup = AB80326F2DB18F4A0005A7DC;
			minimizedProjectReferenceProxies = 1;
			preferredProjectObjectVersion = 77;
			productRefGroup = AB8032792DB18F4A0005A7DC /* Products */;
			projectDirPath = "";
			projectRoot = "";
			targets = (
				AB8032772DB18F4A0005A7DC /* PhotoRater */,
				AB8032872DB18F4C0005A7DC /* PhotoRaterTests */,
				AB8032912DB18F4C0005A7DC /* PhotoRaterUITests */,
			);
		};
/* End PBXProject section */

/* Begin PBXResourcesBuildPhase section */
		AB8032762DB18F4A0005A7DC /* Resources */ = {
			isa = PBXResourcesBuildPhase;
			buildActionMask = 2147483647;
			files = (
			);
			runOnlyForDeploymentPostprocessing = 0;
		};
		AB8032862DB18F4C0005A7DC /* Resources */ = {
			isa = PBXResourcesBuildPhase;
			buildActionMask = 2147483647;
			files = (
			);
			runOnlyForDeploymentPostprocessing = 0;
		};
		AB8032902DB18F4C0005A7DC /* Resources */ = {
			isa = PBXResourcesBuildPhase;
			buildActionMask = 2147483647;
			files = (
			);
			runOnlyForDeploymentPostprocessing = 0;
		};
/* End PBXResourcesBuildPhase section */

/* Begin PBXSourcesBuildPhase section */
		AB8032742DB18F4A0005A7DC /* Sources */ = {
			isa = PBXSourcesBuildPhase;
			buildActionMask = 2147483647;
			files = (
			);
			runOnlyForDeploymentPostprocessing = 0;
		};
		AB8032842DB18F4C0005A7DC /* Sources */ = {
			isa = PBXSourcesBuildPhase;
			buildActionMask = 2147483647;
			files = (
			);
			runOnlyForDeploymentPostprocessing = 0;
		};
		AB80328E2DB18F4C0005A7DC /* Sources */ = {
			isa = PBXSourcesBuildPhase;
			buildActionMask = 2147483647;
			files = (
			);
			runOnlyForDeploymentPostprocessing = 0;
		};
/* End PBXSourcesBuildPhase section */

/* Begin PBXTargetDependency section */
		AB80328A2DB18F4C0005A7DC /* PBXTargetDependency */ = {
			isa = PBXTargetDependency;
			target = AB8032772DB18F4A0005A7DC /* PhotoRater */;
			targetProxy = AB8032892DB18F4C0005A7DC /* PBXContainerItemProxy */;
		};
		AB8032942DB18F4C0005A7DC /* PBXTargetDependency */ = {
			isa = PBXTargetDependency;
			target = AB8032772DB18F4A0005A7DC /* PhotoRater */;
			targetProxy = AB8032932DB18F4C0005A7DC /* PBXContainerItemProxy */;
		};
/* End PBXTargetDependency section */

/* Begin XCBuildConfiguration section */
		AB80329A2DB18F4C0005A7DC /* Debug */ = {
			isa = XCBuildConfiguration;
			buildSettings = {
				ALWAYS_SEARCH_USER_PATHS = NO;
				ASSETCATALOG_COMPILER_GENERATE_SWIFT_ASSET_SYMBOL_EXTENSIONS = YES;
				CLANG_ANALYZER_NONNULL = YES;
				CLANG_ANALYZER_NUMBER_OBJECT_CONVERSION = YES_AGGRESSIVE;
				CLANG_CXX_LANGUAGE_STANDARD = "gnu++20";
				CLANG_ENABLE_MODULES = YES;
				CLANG_ENABLE_OBJC_ARC = YES;
				CLANG_ENABLE_OBJC_WEAK = YES;
				CLANG_WARN_BLOCK_CAPTURE_AUTORELEASING = YES;
				CLANG_WARN_BOOL_CONVERSION = YES;
				CLANG_WARN_COMMA = YES;
				CLANG_WARN_CONSTANT_CONVERSION = YES;
				CLANG_WARN_DEPRECATED_OBJC_IMPLEMENTATIONS = YES;
				CLANG_WARN_DIRECT_OBJC_ISA_USAGE = YES_ERROR;
				CLANG_WARN_DOCUMENTATION_COMMENTS = YES;
				CLANG_WARN_EMPTY_BODY = YES;
				CLANG_WARN_ENUM_CONVERSION = YES;
				CLANG_WARN_INFINITE_RECURSION = YES;
				CLANG_WARN_INT_CONVERSION = YES;
				CLANG_WARN_NON_LITERAL_NULL_CONVERSION = YES;
				CLANG_WARN_OBJC_IMPLICIT_RETAIN_SELF = YES;
				CLANG_WARN_OBJC_LITERAL_CONVERSION = YES;
				CLANG_WARN_OBJC_ROOT_CLASS = YES_ERROR;
				CLANG_WARN_QUOTED_INCLUDE_IN_FRAMEWORK_HEADER = YES;
				CLANG_WARN_RANGE_LOOP_ANALYSIS = YES;
				CLANG_WARN_STRICT_PROTOTYPES = YES;
				CLANG_WARN_SUSPICIOUS_MOVE = YES;
				CLANG_WARN_UNGUARDED_AVAILABILITY = YES_AGGRESSIVE;
				CLANG_WARN_UNREACHABLE_CODE = YES;
				CLANG_WARN__DUPLICATE_METHOD_MATCH = YES;
				COPY_PHASE_STRIP = NO;
				DEBUG_INFORMATION_FORMAT = dwarf;
				ENABLE_STRICT_OBJC_MSGSEND = YES;
				ENABLE_TESTABILITY = YES;
				ENABLE_USER_SCRIPT_SANDBOXING = YES;
				GCC_C_LANGUAGE_STANDARD = gnu17;
				GCC_DYNAMIC_NO_PIC = NO;
				GCC_NO_COMMON_BLOCKS = YES;
				GCC_OPTIMIZATION_LEVEL = 0;
				GCC_PREPROCESSOR_DEFINITIONS = (
					"DEBUG=1",
					"$(inherited)",
				);
				GCC_WARN_64_TO_32_BIT_CONVERSION = YES;
				GCC_WARN_ABOUT_RETURN_TYPE = YES_ERROR;
				GCC_WARN_UNDECLARED_SELECTOR = YES;
				GCC_WARN_UNINITIALIZED_AUTOS = YES_AGGRESSIVE;
				GCC_WARN_UNUSED_FUNCTION = YES;
				GCC_WARN_UNUSED_VARIABLE = YES;
				IPHONEOS_DEPLOYMENT_TARGET = 18.0;
				LOCALIZATION_PREFERS_STRING_CATALOGS = YES;
				MTL_ENABLE_DEBUG_INFO = INCLUDE_SOURCE;
				MTL_FAST_MATH = YES;
				ONLY_ACTIVE_ARCH = YES;
				SDKROOT = iphoneos;
				SWIFT_ACTIVE_COMPILATION_CONDITIONS = "DEBUG $(inherited)";
				SWIFT_OPTIMIZATION_LEVEL = "-Onone";
			};
			name = Debug;
		};
		AB80329B2DB18F4C0005A7DC /* Release */ = {
			isa = XCBuildConfiguration;
			buildSettings = {
				ALWAYS_SEARCH_USER_PATHS = NO;
				ASSETCATALOG_COMPILER_GENERATE_SWIFT_ASSET_SYMBOL_EXTENSIONS = YES;
				CLANG_ANALYZER_NONNULL = YES;
				CLANG_ANALYZER_NUMBER_OBJECT_CONVERSION = YES_AGGRESSIVE;
				CLANG_CXX_LANGUAGE_STANDARD = "gnu++20";
				CLANG_ENABLE_MODULES = YES;
				CLANG_ENABLE_OBJC_ARC = YES;
				CLANG_ENABLE_OBJC_WEAK = YES;
				CLANG_WARN_BLOCK_CAPTURE_AUTORELEASING = YES;
				CLANG_WARN_BOOL_CONVERSION = YES;
				CLANG_WARN_COMMA = YES;
				CLANG_WARN_CONSTANT_CONVERSION = YES;
				CLANG_WARN_DEPRECATED_OBJC_IMPLEMENTATIONS = YES;
				CLANG_WARN_DIRECT_OBJC_ISA_USAGE = YES_ERROR;
				CLANG_WARN_DOCUMENTATION_COMMENTS = YES;
				CLANG_WARN_EMPTY_BODY = YES;
				CLANG_WARN_ENUM_CONVERSION = YES;
				CLANG_WARN_INFINITE_RECURSION = YES;
				CLANG_WARN_INT_CONVERSION = YES;
				CLANG_WARN_NON_LITERAL_NULL_CONVERSION = YES;
				CLANG_WARN_OBJC_IMPLICIT_RETAIN_SELF = YES;
				CLANG_WARN_OBJC_LITERAL_CONVERSION = YES;
				CLANG_WARN_OBJC_ROOT_CLASS = YES_ERROR;
				CLANG_WARN_QUOTED_INCLUDE_IN_FRAMEWORK_HEADER = YES;
				CLANG_WARN_RANGE_LOOP_ANALYSIS = YES;
				CLANG_WARN_STRICT_PROTOTYPES = YES;
				CLANG_WARN_SUSPICIOUS_MOVE = YES;
				CLANG_WARN_UNGUARDED_AVAILABILITY = YES_AGGRESSIVE;
				CLANG_WARN_UNREACHABLE_CODE = YES;
				CLANG_WARN__DUPLICATE_METHOD_MATCH = YES;
				COPY_PHASE_STRIP = NO;
				DEBUG_INFORMATION_FORMAT = "dwarf-with-dsym";
				ENABLE_NS_ASSERTIONS = NO;
				ENABLE_STRICT_OBJC_MSGSEND = YES;
				ENABLE_USER_SCRIPT_SANDBOXING = YES;
				GCC_C_LANGUAGE_STANDARD = gnu17;
				GCC_NO_COMMON_BLOCKS = YES;
				GCC_WARN_64_TO_32_BIT_CONVERSION = YES;
				GCC_WARN_ABOUT_RETURN_TYPE = YES_ERROR;
				GCC_WARN_UNDECLARED_SELECTOR = YES;
				GCC_WARN_UNINITIALIZED_AUTOS = YES_AGGRESSIVE;
				GCC_WARN_UNUSED_FUNCTION = YES;
				GCC_WARN_UNUSED_VARIABLE = YES;
				IPHONEOS_DEPLOYMENT_TARGET = 18.0;
				LOCALIZATION_PREFERS_STRING_CATALOGS = YES;
				MTL_ENABLE_DEBUG_INFO = NO;
				MTL_FAST_MATH = YES;
				SDKROOT = iphoneos;
				SWIFT_COMPILATION_MODE = wholemodule;
				VALIDATE_PRODUCT = YES;
			};
			name = Release;
		};
		AB80329D2DB18F4C0005A7DC /* Debug */ = {
			isa = XCBuildConfiguration;
			buildSettings = {
				ASSETCATALOG_COMPILER_APPICON_NAME = AppIcon;
				ASSETCATALOG_COMPILER_GLOBAL_ACCENT_COLOR_NAME = AccentColor;
				CODE_SIGN_STYLE = Automatic;
				CURRENT_PROJECT_VERSION = 1;
				DEVELOPMENT_ASSET_PATHS = "\"PhotoRater/Preview Content\"";
				ENABLE_PREVIEWS = YES;
				GENERATE_INFOPLIST_FILE = YES;
				INFOPLIST_KEY_UIApplicationSceneManifest_Generation = YES;
				INFOPLIST_KEY_UIApplicationSupportsIndirectInputEvents = YES;
				INFOPLIST_KEY_UILaunchScreen_Generation = YES;
				INFOPLIST_KEY_UISupportedInterfaceOrientations_iPad = "UIInterfaceOrientationPortrait UIInterfaceOrientationPortraitUpsideDown UIInterfaceOrientationLandscapeLeft UIInterfaceOrientationLandscapeRight";
				INFOPLIST_KEY_UISupportedInterfaceOrientations_iPhone = "UIInterfaceOrientationPortrait UIInterfaceOrientationLandscapeLeft UIInterfaceOrientationLandscapeRight";
				LD_RUNPATH_SEARCH_PATHS = (
					"$(inherited)",
					"@executable_path/Frameworks",
				);
				MARKETING_VERSION = 1.0;
				PRODUCT_BUNDLE_IDENTIFIER = DH.PhotoRater;
				PRODUCT_NAME = "$(TARGET_NAME)";
				SWIFT_EMIT_LOC_STRINGS = YES;
				SWIFT_VERSION = 5.0;
				TARGETED_DEVICE_FAMILY = "1,2";
			};
			name = Debug;
		};
		AB80329E2DB18F4C0005A7DC /* Release */ = {
			isa = XCBuildConfiguration;
			buildSettings = {
				ASSETCATALOG_COMPILER_APPICON_NAME = AppIcon;
				ASSETCATALOG_COMPILER_GLOBAL_ACCENT_COLOR_NAME = AccentColor;
				CODE_SIGN_STYLE = Automatic;
				CURRENT_PROJECT_VERSION = 1;
				DEVELOPMENT_ASSET_PATHS = "\"PhotoRater/Preview Content\"";
				ENABLE_PREVIEWS = YES;
				GENERATE_INFOPLIST_FILE = YES;
				INFOPLIST_KEY_UIApplicationSceneManifest_Generation = YES;
				INFOPLIST_KEY_UIApplicationSupportsIndirectInputEvents = YES;
				INFOPLIST_KEY_UILaunchScreen_Generation = YES;
				INFOPLIST_KEY_UISupportedInterfaceOrientations_iPad = "UIInterfaceOrientationPortrait UIInterfaceOrientationPortraitUpsideDown UIInterfaceOrientationLandscapeLeft UIInterfaceOrientationLandscapeRight";
				INFOPLIST_KEY_UISupportedInterfaceOrientations_iPhone = "UIInterfaceOrientationPortrait UIInterfaceOrientationLandscapeLeft UIInterfaceOrientationLandscapeRight";
				LD_RUNPATH_SEARCH_PATHS = (
					"$(inherited)",
					"@executable_path/Frameworks",
				);
				MARKETING_VERSION = 1.0;
				PRODUCT_BUNDLE_IDENTIFIER = DH.PhotoRater;
				PRODUCT_NAME = "$(TARGET_NAME)";
				SWIFT_EMIT_LOC_STRINGS = YES;
				SWIFT_VERSION = 5.0;
				TARGETED_DEVICE_FAMILY = "1,2";
			};
			name = Release;
		};
		AB8032A02DB18F4C0005A7DC /* Debug */ = {
			isa = XCBuildConfiguration;
			buildSettings = {
				BUNDLE_LOADER = "$(TEST_HOST)";
				CODE_SIGN_STYLE = Automatic;
				CURRENT_PROJECT_VERSION = 1;
				GENERATE_INFOPLIST_FILE = YES;
				IPHONEOS_DEPLOYMENT_TARGET = 18.0;
				MARKETING_VERSION = 1.0;
				PRODUCT_BUNDLE_IDENTIFIER = DH.PhotoRaterTests;
				PRODUCT_NAME = "$(TARGET_NAME)";
				SWIFT_EMIT_LOC_STRINGS = NO;
				SWIFT_VERSION = 5.0;
				TARGETED_DEVICE_FAMILY = "1,2";
				TEST_HOST = "$(BUILT_PRODUCTS_DIR)/PhotoRater.app/$(BUNDLE_EXECUTABLE_FOLDER_PATH)/PhotoRater";
			};
			name = Debug;
		};
		AB8032A12DB18F4C0005A7DC /* Release */ = {
			isa = XCBuildConfiguration;
			buildSettings = {
				BUNDLE_LOADER = "$(TEST_HOST)";
				CODE_SIGN_STYLE = Automatic;
				CURRENT_PROJECT_VERSION = 1;
				GENERATE_INFOPLIST_FILE = YES;
				IPHONEOS_DEPLOYMENT_TARGET = 18.0;
				MARKETING_VERSION = 1.0;
				PRODUCT_BUNDLE_IDENTIFIER = DH.PhotoRaterTests;
				PRODUCT_NAME = "$(TARGET_NAME)";
				SWIFT_EMIT_LOC_STRINGS = NO;
				SWIFT_VERSION = 5.0;
				TARGETED_DEVICE_FAMILY = "1,2";
				TEST_HOST = "$(BUILT_PRODUCTS_DIR)/PhotoRater.app/$(BUNDLE_EXECUTABLE_FOLDER_PATH)/PhotoRater";
			};
			name = Release;
		};
		AB8032A32DB18F4C0005A7DC /* Debug */ = {
			isa = XCBuildConfiguration;
			buildSettings = {
				CODE_SIGN_STYLE = Automatic;
				CURRENT_PROJECT_VERSION = 1;
				GENERATE_INFOPLIST_FILE = YES;
				MARKETING_VERSION = 1.0;
				PRODUCT_BUNDLE_IDENTIFIER = DH.PhotoRaterUITests;
				PRODUCT_NAME = "$(TARGET_NAME)";
				SWIFT_EMIT_LOC_STRINGS = NO;
				SWIFT_VERSION = 5.0;
				TARGETED_DEVICE_FAMILY = "1,2";
				TEST_TARGET_NAME = PhotoRater;
			};
			name = Debug;
		};
		AB8032A42DB18F4C0005A7DC /* Release */ = {
			isa = XCBuildConfiguration;
			buildSettings = {
				CODE_SIGN_STYLE = Automatic;
				CURRENT_PROJECT_VERSION = 1;
				GENERATE_INFOPLIST_FILE = YES;
				MARKETING_VERSION = 1.0;
				PRODUCT_BUNDLE_IDENTIFIER = DH.PhotoRaterUITests;
				PRODUCT_NAME = "$(TARGET_NAME)";
				SWIFT_EMIT_LOC_STRINGS = NO;
				SWIFT_VERSION = 5.0;
				TARGETED_DEVICE_FAMILY = "1,2";
				TEST_TARGET_NAME = PhotoRater;
			};
			name = Release;
		};
/* End XCBuildConfiguration section */

/* Begin XCConfigurationList section */
		AB8032732DB18F4A0005A7DC /* Build configuration list for PBXProject "PhotoRater" */ = {
			isa = XCConfigurationList;
			buildConfigurations = (
				AB80329A2DB18F4C0005A7DC /* Debug */,
				AB80329B2DB18F4C0005A7DC /* Release */,
			);
			defaultConfigurationIsVisible = 0;
			defaultConfigurationName = Release;
		};
		AB80329C2DB18F4C0005A7DC /* Build configuration list for PBXNativeTarget "PhotoRater" */ = {
			isa = XCConfigurationList;
			buildConfigurations = (
				AB80329D2DB18F4C0005A7DC /* Debug */,
				AB80329E2DB18F4C0005A7DC /* Release */,
			);
			defaultConfigurationIsVisible = 0;
			defaultConfigurationName = Release;
		};
		AB80329F2DB18F4C0005A7DC /* Build configuration list for PBXNativeTarget "PhotoRaterTests" */ = {
			isa = XCConfigurationList;
			buildConfigurations = (
				AB8032A02DB18F4C0005A7DC /* Debug */,
				AB8032A12DB18F4C0005A7DC /* Release */,
			);
			defaultConfigurationIsVisible = 0;
			defaultConfigurationName = Release;
		};
		AB8032A22DB18F4C0005A7DC /* Build configuration list for PBXNativeTarget "PhotoRaterUITests" */ = {
			isa = XCConfigurationList;
			buildConfigurations = (
				AB8032A32DB18F4C0005A7DC /* Debug */,
				AB8032A42DB18F4C0005A7DC /* Release */,
			);
			defaultConfigurationIsVisible = 0;
			defaultConfigurationName = Release;
		};
/* End XCConfigurationList section */
	};
	rootObject = AB8032702DB18F4A0005A7DC /* Project object */;
}
